
Microsoft Visual Studio Solution File, Format Version 12.00
# Visual Studio Version 17
VisualStudioVersion = 17.9.34728.123
MinimumVisualStudioVersion = 10.0.40219.1
Project("{FAE04EC0-301F-11D3-BF4B-00C04F79EFBC}") = "aps2", "aps2\aps2.csproj", "{29D81D44-A3E9-4FB4-B120-35BC6E87D35F}"
EndProject
Global
	GlobalSection(SolutionConfigurationPlatforms) = preSolution
		Debug|Any CPU = Debug|Any CPU
		Release|Any CPU = Release|Any CPU
	EndGlobalSection
	GlobalSection(ProjectConfigurationPlatforms) = postSolution
		{29D81D44-A3E9-4FB4-B120-35BC6E87D35F}.Debug|Any CPU.ActiveCfg = Debug|Any CPU
		{29D81D44-A3E9-4FB4-B120-35BC6E87D35F}.Debug|Any CPU.Build.0 = Debug|Any CPU
		{29D81D44-A3E9-4FB4-B120-35BC6E87D35F}.Release|Any CPU.ActiveCfg = Release|Any CPU
		{29D81D44-A3E9-4FB4-B120-35BC6E87D35F}.Release|Any CPU.Build.0 = Release|Any CPU
	EndGlobalSection
	GlobalSection(SolutionProperties) = preSolution
		HideSolutionNode = FALSE
	EndGlobalSection
	GlobalSection(ExtensibilityGlobals) = postSolution
		SolutionGuid = {8AB03A32-3E35-4FE0-9FB0-CAB7E8E8EBAE}
	EndGlobalSection
EndGlobal
